{
  "requires": true,
  "lockfileVersion": 1,
  "dependencies": {
    "newmodul": {
      "version": "1.0.1",
      "resolved": "https://registry.npmjs.org/newmodul/-/newmodul-1.0.1.tgz",
      "integrity": "sha512-X/X48rYUYfeAHBvLO9LIorkvfYAHblqQvkGbQwNbTSre/h8GUt5jcsTdoHgI4twWjYYysGQRkM3niSjcGOf9BA=="
    },
    "nodemailer": {
      "version": "6.7.0",
      "resolved": "https://registry.npmjs.org/nodemailer/-/nodemailer-6.7.0.tgz",
      "integrity": "sha512-AtiTVUFHLiiDnMQ43zi0YgkzHOEWUkhDgPlBXrsDzJiJvB29Alo4OKxHQ0ugF3gRqRQIneCLtZU3yiUo7pItZw=="
    }
  }
}
